
Microsoft Visual Studio Solution File, Format Version 12.00
Project("{FAE04EC0-301F-11D3-BF4B-00C04F79EFBC}") = "csharp-api", "csharp-api\csharp-api.csproj", "{EE9B014A-D63C-4811-8BC1-7C25BCF70116}"
EndProject
Global
	GlobalSection(SolutionConfigurationPlatforms) = preSolution
		Debug|Any CPU = Debug|Any CPU
		Release|Any CPU = Release|Any CPU
	EndGlobalSection
	GlobalSection(ProjectConfigurationPlatforms) = postSolution
		{EE9B014A-D63C-4811-8BC1-7C25BCF70116}.Debug|Any CPU.ActiveCfg = Debug|Any CPU
		{EE9B014A-D63C-4811-8BC1-7C25BCF70116}.Debug|Any CPU.Build.0 = Debug|Any CPU
		{EE9B014A-D63C-4811-8BC1-7C25BCF70116}.Release|Any CPU.ActiveCfg = Release|Any CPU
		{EE9B014A-D63C-4811-8BC1-7C25BCF70116}.Release|Any CPU.Build.0 = Release|Any CPU
	EndGlobalSection
EndGlobal
